// !$*UTF8*$!
{
	archiveVersion = 1;
	classes = {
	};
	objectVersion = 50;
	objects = {

/* Begin PBXBuildFile section */
		160AC49320DB7D69009FD49D /* AppDelegate.swift in Sources */ = {isa = PBXBuildFile; fileRef = 160AC49220DB7D69009FD49D /* AppDelegate.swift */; };
		160AC49820DB7D69009FD49D /* Main.storyboard in Resources */ = {isa = PBXBuildFile; fileRef = 160AC49620DB7D69009FD49D /* Main.storyboard */; };
		160AC49A20DB7D6C009FD49D /* Assets.xcassets in Resources */ = {isa = PBXBuildFile; fileRef = 160AC49920DB7D6C009FD49D /* Assets.xcassets */; };
		160AC49D20DB7D6C009FD49D /* LaunchScreen.storyboard in Resources */ = {isa = PBXBuildFile; fileRef = 160AC49B20DB7D6C009FD49D /* LaunchScreen.storyboard */; };
		160AC4AC20DB860A009FD49D /* CoreDataManager.swift in Sources */ = {isa = PBXBuildFile; fileRef = 160AC4AB20DB860A009FD49D /* CoreDataManager.swift */; };
		160AC4AF20DB8F0C009FD49D /* Notes.xcdatamodeld in Sources */ = {isa = PBXBuildFile; fileRef = 160AC4AD20DB8F0C009FD49D /* Notes.xcdatamodeld */; };
		160AC4B420DB9807009FD49D /* AddNoteTableViewController.swift in Sources */ = {isa = PBXBuildFile; fileRef = 160AC4B320DB9807009FD49D /* AddNoteTableViewController.swift */; };
		16654AB920DDEEAB00A25C5E /* HistoryViewController.swift in Sources */ = {isa = PBXBuildFile; fileRef = 16654AB820DDEEAB00A25C5E /* HistoryViewController.swift */; };
		16654ABB20DDF5E500A25C5E /* HistoryTableViewCell.swift in Sources */ = {isa = PBXBuildFile; fileRef = 16654ABA20DDF5E500A25C5E /* HistoryTableViewCell.swift */; };
		16E514ED20DBBEAD007AD8A3 /* NoteViewController.swift in Sources */ = {isa = PBXBuildFile; fileRef = 16E514EC20DBBEAD007AD8A3 /* NoteViewController.swift */; };
		16E514F020DBCA33007AD8A3 /* NoteTableViewCell.swift in Sources */ = {isa = PBXBuildFile; fileRef = 16E514EF20DBCA33007AD8A3 /* NoteTableViewCell.swift */; };
		16E514F420DC8007007AD8A3 /* TimerViewController.swift in Sources */ = {isa = PBXBuildFile; fileRef = 16E514F320DC8007007AD8A3 /* TimerViewController.swift */; };
		16EABB0020DCEE830021B6C3 /* RecordsViewController.swift in Sources */ = {isa = PBXBuildFile; fileRef = 16EABAFF20DCEE830021B6C3 /* RecordsViewController.swift */; };
		C5A461243B72A8E5DEA27E1F /* Pods_pomodoro.framework in Frameworks */ = {isa = PBXBuildFile; fileRef = 780EBA49FCAECA49B5425280 /* Pods_pomodoro.framework */; };
/* End PBXBuildFile section */

/* Begin PBXFileReference section */
		13733B34F4591F500ED5AC5B /* Pods-pomodoro.release.xcconfig */ = {isa = PBXFileReference; includeInIndex = 1; lastKnownFileType = text.xcconfig; name = "Pods-pomodoro.release.xcconfig"; path = "Pods/Target Support Files/Pods-pomodoro/Pods-pomodoro.release.xcconfig"; sourceTree = "<group>"; };
		160AC48F20DB7D69009FD49D /* pomodoro.app */ = {isa = PBXFileReference; explicitFileType = wrapper.application; includeInIndex = 0; path = pomodoro.app; sourceTree = BUILT_PRODUCTS_DIR; };
		160AC49220DB7D69009FD49D /* AppDelegate.swift */ = {isa = PBXFileReference; lastKnownFileType = sourcecode.swift; path = AppDelegate.swift; sourceTree = "<group>"; };
		160AC49720DB7D69009FD49D /* Base */ = {isa = PBXFileReference; lastKnownFileType = file.storyboard; name = Base; path = Base.lproj/Main.storyboard; sourceTree = "<group>"; };
		160AC49920DB7D6C009FD49D /* Assets.xcassets */ = {isa = PBXFileReference; lastKnownFileType = folder.assetcatalog; path = Assets.xcassets; sourceTree = "<group>"; };
		160AC49C20DB7D6C009FD49D /* Base */ = {isa = PBXFileReference; lastKnownFileType = file.storyboard; name = Base; path = Base.lproj/LaunchScreen.storyboard; sourceTree = "<group>"; };
		160AC49E20DB7D6C009FD49D /* Info.plist */ = {isa = PBXFileReference; lastKnownFileType = text.plist.xml; path = Info.plist; sourceTree = "<group>"; };
		160AC4AB20DB860A009FD49D /* CoreDataManager.swift */ = {isa = PBXFileReference; lastKnownFileType = sourcecode.swift; path = CoreDataManager.swift; sourceTree = "<group>"; };
		160AC4AE20DB8F0C009FD49D /* Notes.xcdatamodel */ = {isa = PBXFileReference; lastKnownFileType = wrapper.xcdatamodel; path = Notes.xcdatamodel; sourceTree = "<group>"; };
		160AC4B320DB9807009FD49D /* AddNoteTableViewController.swift */ = {isa = PBXFileReference; lastKnownFileType = sourcecode.swift; path = AddNoteTableViewController.swift; sourceTree = "<group>"; };
		16654AB820DDEEAB00A25C5E /* HistoryViewController.swift */ = {isa = PBXFileReference; lastKnownFileType = sourcecode.swift; path = HistoryViewController.swift; sourceTree = "<group>"; };
		16654ABA20DDF5E500A25C5E /* HistoryTableViewCell.swift */ = {isa = PBXFileReference; lastKnownFileType = sourcecode.swift; path = HistoryTableViewCell.swift; sourceTree = "<group>"; };
		16E514EC20DBBEAD007AD8A3 /* NoteViewController.swift */ = {isa = PBXFileReference; lastKnownFileType = sourcecode.swift; path = NoteViewController.swift; sourceTree = "<group>"; };
		16E514EF20DBCA33007AD8A3 /* NoteTableViewCell.swift */ = {isa = PBXFileReference; lastKnownFileType = sourcecode.swift; path = NoteTableViewCell.swift; sourceTree = "<group>"; };
		16E514F320DC8007007AD8A3 /* TimerViewController.swift */ = {isa = PBXFileReference; lastKnownFileType = sourcecode.swift; path = TimerViewController.swift; sourceTree = "<group>"; };
		16EABAFF20DCEE830021B6C3 /* RecordsViewController.swift */ = {isa = PBXFileReference; lastKnownFileType = sourcecode.swift; path = RecordsViewController.swift; sourceTree = "<group>"; };
		780EBA49FCAECA49B5425280 /* Pods_pomodoro.framework */ = {isa = PBXFileReference; explicitFileType = wrapper.framework; includeInIndex = 0; path = Pods_pomodoro.framework; sourceTree = BUILT_PRODUCTS_DIR; };
		D9D6C467645822EFD1B91CE7 /* Pods-pomodoro.debug.xcconfig */ = {isa = PBXFileReference; includeInIndex = 1; lastKnownFileType = text.xcconfig; name = "Pods-pomodoro.debug.xcconfig"; path = "Pods/Target Support Files/Pods-pomodoro/Pods-pomodoro.debug.xcconfig"; sourceTree = "<group>"; };
/* End PBXFileReference section */

/* Begin PBXFrameworksBuildPhase section */
		160AC48C20DB7D69009FD49D /* Frameworks */ = {
			isa = PBXFrameworksBuildPhase;
			buildActionMask = 2147483647;
			files = (
				C5A461243B72A8E5DEA27E1F /* Pods_pomodoro.framework in Frameworks */,
			);
			runOnlyForDeploymentPostprocessing = 0;
		};
/* End PBXFrameworksBuildPhase section */

/* Begin PBXGroup section */
		160AC48620DB7D69009FD49D = {
			isa = PBXGroup;
			children = (
				160AC49120DB7D69009FD49D /* pomodoro */,
				160AC49020DB7D69009FD49D /* Products */,
				B0B46B211BEBBDD98619225C /* Pods */,
				9DA8009E02349E105B0B4EE6 /* Frameworks */,
			);
			sourceTree = "<group>";
		};
		160AC49020DB7D69009FD49D /* Products */ = {
			isa = PBXGroup;
			children = (
				160AC48F20DB7D69009FD49D /* pomodoro.app */,
			);
			name = Products;
			sourceTree = "<group>";
		};
		160AC49120DB7D69009FD49D /* pomodoro */ = {
			isa = PBXGroup;
			children = (
				160AC4AA20DB7E54009FD49D /* Resources */,
				160AC4A920DB7E37009FD49D /* Application Delegate */,
				160AC4A820DB7E11009FD49D /* View Controllers */,
				160AC4A720DB7DEF009FD49D /* Storyboards */,
				160AC4A620DB7DE2009FD49D /* Supporting Files */,
				160AC4A520DB7DD4009FD49D /* Manager */,
				160AC4A420DB7DC7009FD49D /* CoreData */,
			);
			path = pomodoro;
			sourceTree = "<group>";
		};
		160AC4A420DB7DC7009FD49D /* CoreData */ = {
			isa = PBXGroup;
			children = (
				160AC4AD20DB8F0C009FD49D /* Notes.xcdatamodeld */,
			);
			path = CoreData;
			sourceTree = "<group>";
		};
		160AC4A520DB7DD4009FD49D /* Manager */ = {
			isa = PBXGroup;
			children = (
				160AC4AB20DB860A009FD49D /* CoreDataManager.swift */,
			);
			path = Manager;
			sourceTree = "<group>";
		};
		160AC4A620DB7DE2009FD49D /* Supporting Files */ = {
			isa = PBXGroup;
			children = (
				160AC49E20DB7D6C009FD49D /* Info.plist */,
			);
			path = "Supporting Files";
			sourceTree = "<group>";
		};
		160AC4A720DB7DEF009FD49D /* Storyboards */ = {
			isa = PBXGroup;
			children = (
				160AC49B20DB7D6C009FD49D /* LaunchScreen.storyboard */,
				160AC49620DB7D69009FD49D /* Main.storyboard */,
			);
			path = Storyboards;
			sourceTree = "<group>";
		};
		160AC4A820DB7E11009FD49D /* View Controllers */ = {
			isa = PBXGroup;
			children = (
				16654AB720DDEE6900A25C5E /* History View Controller */,
				16EABAFE20DCEE400021B6C3 /* Records View Controller */,
				16E514F220DC7FCA007AD8A3 /* Timer View Controller */,
				16E514F120DC7FB7007AD8A3 /* Add Note View Controller */,
				160AC4B020DB9375009FD49D /* Notes View Controller */,
			);
			path = "View Controllers";
			sourceTree = "<group>";
		};
		160AC4A920DB7E37009FD49D /* Application Delegate */ = {
			isa = PBXGroup;
			children = (
				160AC49220DB7D69009FD49D /* AppDelegate.swift */,
			);
			path = "Application Delegate";
			sourceTree = "<group>";
		};
		160AC4AA20DB7E54009FD49D /* Resources */ = {
			isa = PBXGroup;
			children = (
				160AC49920DB7D6C009FD49D /* Assets.xcassets */,
			);
			path = Resources;
			sourceTree = "<group>";
		};
		160AC4B020DB9375009FD49D /* Notes View Controller */ = {
			isa = PBXGroup;
			children = (
				16E514EC20DBBEAD007AD8A3 /* NoteViewController.swift */,
				16E514EF20DBCA33007AD8A3 /* NoteTableViewCell.swift */,
			);
			path = "Notes View Controller";
			sourceTree = "<group>";
		};
		16654AB720DDEE6900A25C5E /* History View Controller */ = {
			isa = PBXGroup;
			children = (
				16654AB820DDEEAB00A25C5E /* HistoryViewController.swift */,
				16654ABA20DDF5E500A25C5E /* HistoryTableViewCell.swift */,
			);
			name = "History View Controller";
			path = "New Group";
			sourceTree = "<group>";
		};
		16E514F120DC7FB7007AD8A3 /* Add Note View Controller */ = {
			isa = PBXGroup;
			children = (
				160AC4B320DB9807009FD49D /* AddNoteTableViewController.swift */,
			);
			path = "Add Note View Controller";
			sourceTree = "<group>";
		};
		16E514F220DC7FCA007AD8A3 /* Timer View Controller */ = {
			isa = PBXGroup;
			children = (
				16E514F320DC8007007AD8A3 /* TimerViewController.swift */,
			);
			path = "Timer View Controller";
			sourceTree = "<group>";
		};
		16EABAFE20DCEE400021B6C3 /* Records View Controller */ = {
			isa = PBXGroup;
			children = (
				16EABAFF20DCEE830021B6C3 /* RecordsViewController.swift */,
			);
			path = "Records View Controller";
			sourceTree = "<group>";
		};
		9DA8009E02349E105B0B4EE6 /* Frameworks */ = {
			isa = PBXGroup;
			children = (
				780EBA49FCAECA49B5425280 /* Pods_pomodoro.framework */,
			);
			name = Frameworks;
			sourceTree = "<group>";
		};
		B0B46B211BEBBDD98619225C /* Pods */ = {
			isa = PBXGroup;
			children = (
				D9D6C467645822EFD1B91CE7 /* Pods-pomodoro.debug.xcconfig */,
				13733B34F4591F500ED5AC5B /* Pods-pomodoro.release.xcconfig */,
			);
			name = Pods;
			sourceTree = "<group>";
		};
/* End PBXGroup section */

/* Begin PBXNativeTarget section */
		160AC48E20DB7D69009FD49D /* pomodoro */ = {
			isa = PBXNativeTarget;
			buildConfigurationList = 160AC4A120DB7D6C009FD49D /* Build configuration list for PBXNativeTarget "pomodoro" */;
			buildPhases = (
				27F5168004131719BD27E5B9 /* [CP] Check Pods Manifest.lock */,
				160AC48B20DB7D69009FD49D /* Sources */,
				160AC48C20DB7D69009FD49D /* Frameworks */,
				160AC48D20DB7D69009FD49D /* Resources */,
				1F5BEAD6B5BE0DAF3318E347 /* [CP] Embed Pods Frameworks */,
			);
			buildRules = (
			);
			dependencies = (
			);
			name = pomodoro;
			productName = pomodoro;
			productReference = 160AC48F20DB7D69009FD49D /* pomodoro.app */;
			productType = "com.apple.product-type.application";
		};
/* End PBXNativeTarget section */

/* Begin PBXProject section */
		160AC48720DB7D69009FD49D /* Project object */ = {
			isa = PBXProject;
			attributes = {
				LastSwiftUpdateCheck = 0940;
				LastUpgradeCheck = 0940;
				ORGANIZATIONNAME = "Chase Choi";
				TargetAttributes = {
					160AC48E20DB7D69009FD49D = {
						CreatedOnToolsVersion = 9.4.1;
					};
				};
			};
			buildConfigurationList = 160AC48A20DB7D69009FD49D /* Build configuration list for PBXProject "pomodoro" */;
			compatibilityVersion = "Xcode 9.3";
			developmentRegion = en;
			hasScannedForEncodings = 0;
			knownRegions = (
				en,
				Base,
			);
			mainGroup = 160AC48620DB7D69009FD49D;
			productRefGroup = 160AC49020DB7D69009FD49D /* Products */;
			projectDirPath = "";
			projectRoot = "";
			targets = (
				160AC48E20DB7D69009FD49D /* pomodoro */,
			);
		};
/* End PBXProject section */

/* Begin PBXResourcesBuildPhase section */
		160AC48D20DB7D69009FD49D /* Resources */ = {
			isa = PBXResourcesBuildPhase;
			buildActionMask = 2147483647;
			files = (
				160AC49D20DB7D6C009FD49D /* LaunchScreen.storyboard in Resources */,
				160AC49A20DB7D6C009FD49D /* Assets.xcassets in Resources */,
				160AC49820DB7D69009FD49D /* Main.storyboard in Resources */,
			);
			runOnlyForDeploymentPostprocessing = 0;
		};
/* End PBXResourcesBuildPhase section */

/* Begin PBXShellScriptBuildPhase section */
		1F5BEAD6B5BE0DAF3318E347 /* [CP] Embed Pods Frameworks */ = {
			isa = PBXShellScriptBuildPhase;
			buildActionMask = 2147483647;
			files = (
			);
			inputPaths = (
				"${SRCROOT}/Pods/Target Support Files/Pods-pomodoro/Pods-pomodoro-frameworks.sh",
				"${BUILT_PRODUCTS_DIR}/Charts/Charts.framework",
			);
			name = "[CP] Embed Pods Frameworks";
			outputPaths = (
				"${TARGET_BUILD_DIR}/${FRAMEWORKS_FOLDER_PATH}/Charts.framework",
			);
			runOnlyForDeploymentPostprocessing = 0;
			shellPath = /bin/sh;
			shellScript = "\"${SRCROOT}/Pods/Target Support Files/Pods-pomodoro/Pods-pomodoro-frameworks.sh\"\n";
			showEnvVarsInLog = 0;
		};
		27F5168004131719BD27E5B9 /* [CP] Check Pods Manifest.lock */ = {
			isa = PBXShellScriptBuildPhase;
			buildActionMask = 2147483647;
			files = (
			);
			inputPaths = (
				"${PODS_PODFILE_DIR_PATH}/Podfile.lock",
				"${PODS_ROOT}/Manifest.lock",
			);
			name = "[CP] Check Pods Manifest.lock";
			outputPaths = (
				"$(DERIVED_FILE_DIR)/Pods-pomodoro-checkManifestLockResult.txt",
			);
			runOnlyForDeploymentPostprocessing = 0;
			shellPath = /bin/sh;
			shellScript = "diff \"${PODS_PODFILE_DIR_PATH}/Podfile.lock\" \"${PODS_ROOT}/Manifest.lock\" > /dev/null\nif [ $? != 0 ] ; then\n    # print error to STDERR\n    echo \"error: The sandbox is not in sync with the Podfile.lock. Run 'pod install' or update your CocoaPods installation.\" >&2\n    exit 1\nfi\n# This output is used by Xcode 'outputs' to avoid re-running this script phase.\necho \"SUCCESS\" > \"${SCRIPT_OUTPUT_FILE_0}\"\n";
			showEnvVarsInLog = 0;
		};
/* End PBXShellScriptBuildPhase section */

/* Begin PBXSourcesBuildPhase section */
		160AC48B20DB7D69009FD49D /* Sources */ = {
			isa = PBXSourcesBuildPhase;
			buildActionMask = 2147483647;
			files = (
				160AC4AC20DB860A009FD49D /* CoreDataManager.swift in Sources */,
				160AC4B420DB9807009FD49D /* AddNoteTableViewController.swift in Sources */,
				16E514F420DC8007007AD8A3 /* TimerViewController.swift in Sources */,
				160AC49320DB7D69009FD49D /* AppDelegate.swift in Sources */,
				16654ABB20DDF5E500A25C5E /* HistoryTableViewCell.swift in Sources */,
				16E514ED20DBBEAD007AD8A3 /* NoteViewController.swift in Sources */,
				160AC4AF20DB8F0C009FD49D /* Notes.xcdatamodeld in Sources */,
				16654AB920DDEEAB00A25C5E /* HistoryViewController.swift in Sources */,
				16E514F020DBCA33007AD8A3 /* NoteTableViewCell.swift in Sources */,
				16EABB0020DCEE830021B6C3 /* RecordsViewController.swift in Sources */,
			);
			runOnlyForDeploymentPostprocessing = 0;
		};
/* End PBXSourcesBuildPhase section */

/* Begin PBXVariantGroup section */
		160AC49620DB7D69009FD49D /* Main.storyboard */ = {
			isa = PBXVariantGroup;
			children = (
				160AC49720DB7D69009FD49D /* Base */,
			);
			name = Main.storyboard;
			sourceTree = "<group>";
		};
		160AC49B20DB7D6C009FD49D /* LaunchScreen.storyboard */ = {
			isa = PBXVariantGroup;
			children = (
				160AC49C20DB7D6C009FD49D /* Base */,
			);
			name = LaunchScreen.storyboard;
			sourceTree = "<group>";
		};
/* End PBXVariantGroup section */

/* Begin XCBuildConfiguration section */
		160AC49F20DB7D6C009FD49D /* Debug */ = {
			isa = XCBuildConfiguration;
			buildSettings = {
				ALWAYS_SEARCH_USER_PATHS = NO;
				CLANG_ANALYZER_NONNULL = YES;
				CLANG_ANALYZER_NUMBER_OBJECT_CONVERSION = YES_AGGRESSIVE;
				CLANG_CXX_LANGUAGE_STANDARD = "gnu++14";
				CLANG_CXX_LIBRARY = "libc++";
				CLANG_ENABLE_MODULES = YES;
				CLANG_ENABLE_OBJC_ARC = YES;
				CLANG_ENABLE_OBJC_WEAK = YES;
				CLANG_WARN_BLOCK_CAPTURE_AUTORELEASING = YES;
				CLANG_WARN_BOOL_CONVERSION = YES;
				CLANG_WARN_COMMA = YES;
				CLANG_WARN_CONSTANT_CONVERSION = YES;
				CLANG_WARN_DEPRECATED_OBJC_IMPLEMENTATIONS = YES;
				CLANG_WARN_DIRECT_OBJC_ISA_USAGE = YES_ERROR;
				CLANG_WARN_DOCUMENTATION_COMMENTS = YES;
				CLANG_WARN_EMPTY_BODY = YES;
				CLANG_WARN_ENUM_CONVERSION = YES;
				CLANG_WARN_INFINITE_RECURSION = YES;
				CLANG_WARN_INT_CONVERSION = YES;
				CLANG_WARN_NON_LITERAL_NULL_CONVERSION = YES;
				CLANG_WARN_OBJC_IMPLICIT_RETAIN_SELF = YES;
				CLANG_WARN_OBJC_LITERAL_CONVERSION = YES;
				CLANG_WARN_OBJC_ROOT_CLASS = YES_ERROR;
				CLANG_WARN_RANGE_LOOP_ANALYSIS = YES;
				CLANG_WARN_STRICT_PROTOTYPES = YES;
				CLANG_WARN_SUSPICIOUS_MOVE = YES;
				CLANG_WARN_UNGUARDED_AVAILABILITY = YES_AGGRESSIVE;
				CLANG_WARN_UNREACHABLE_CODE = YES;
				CLANG_WARN__DUPLICATE_METHOD_MATCH = YES;
				CODE_SIGN_IDENTITY = "iPhone Developer";
				COPY_PHASE_STRIP = NO;
				DEBUG_INFORMATION_FORMAT = dwarf;
				ENABLE_STRICT_OBJC_MSGSEND = YES;
				ENABLE_TESTABILITY = YES;
				GCC_C_LANGUAGE_STANDARD = gnu11;
				GCC_DYNAMIC_NO_PIC = NO;
				GCC_NO_COMMON_BLOCKS = YES;
				GCC_OPTIMIZATION_LEVEL = 0;
				GCC_PREPROCESSOR_DEFINITIONS = (
					"DEBUG=1",
					"$(inherited)",
				);
				GCC_WARN_64_TO_32_BIT_CONVERSION = YES;
				GCC_WARN_ABOUT_RETURN_TYPE = YES_ERROR;
				GCC_WARN_UNDECLARED_SELECTOR = YES;
				GCC_WARN_UNINITIALIZED_AUTOS = YES_AGGRESSIVE;
				GCC_WARN_UNUSED_FUNCTION = YES;
				GCC_WARN_UNUSED_VARIABLE = YES;
				IPHONEOS_DEPLOYMENT_TARGET = 11.4;
				MTL_ENABLE_DEBUG_INFO = YES;
				ONLY_ACTIVE_ARCH = YES;
				SDKROOT = iphoneos;
				SWIFT_ACTIVE_COMPILATION_CONDITIONS = DEBUG;
				SWIFT_OPTIMIZATION_LEVEL = "-Onone";
			};
			name = Debug;
		};
		160AC4A020DB7D6C009FD49D /* Release */ = {
			isa = XCBuildConfiguration;
			buildSettings = {
				ALWAYS_SEARCH_USER_PATHS = NO;
				CLANG_ANALYZER_NONNULL = YES;
				CLANG_ANALYZER_NUMBER_OBJECT_CONVERSION = YES_AGGRESSIVE;
				CLANG_CXX_LANGUAGE_STANDARD = "gnu++14";
				CLANG_CXX_LIBRARY = "libc++";
				CLANG_ENABLE_MODULES = YES;
				CLANG_ENABLE_OBJC_ARC = YES;
				CLANG_ENABLE_OBJC_WEAK = YES;
				CLANG_WARN_BLOCK_CAPTURE_AUTORELEASING = YES;
				CLANG_WARN_BOOL_CONVERSION = YES;
				CLANG_WARN_COMMA = YES;
				CLANG_WARN_CONSTANT_CONVERSION = YES;
				CLANG_WARN_DEPRECATED_OBJC_IMPLEMENTATIONS = YES;
				CLANG_WARN_DIRECT_OBJC_ISA_USAGE = YES_ERROR;
				CLANG_WARN_DOCUMENTATION_COMMENTS = YES;
				CLANG_WARN_EMPTY_BODY = YES;
				CLANG_WARN_ENUM_CONVERSION = YES;
				CLANG_WARN_INFINITE_RECURSION = YES;
				CLANG_WARN_INT_CONVERSION = YES;
				CLANG_WARN_NON_LITERAL_NULL_CONVERSION = YES;
				CLANG_WARN_OBJC_IMPLICIT_RETAIN_SELF = YES;
				CLANG_WARN_OBJC_LITERAL_CONVERSION = YES;
				CLANG_WARN_OBJC_ROOT_CLASS = YES_ERROR;
				CLANG_WARN_RANGE_LOOP_ANALYSIS = YES;
				CLANG_WARN_STRICT_PROTOTYPES = YES;
				CLANG_WARN_SUSPICIOUS_MOVE = YES;
				CLANG_WARN_UNGUARDED_AVAILABILITY = YES_AGGRESSIVE;
				CLANG_WARN_UNREACHABLE_CODE = YES;
				CLANG_WARN__DUPLICATE_METHOD_MATCH = YES;
				CODE_SIGN_IDENTITY = "iPhone Developer";
				COPY_PHASE_STRIP = NO;
				DEBUG_INFORMATION_FORMAT = "dwarf-with-dsym";
				ENABLE_NS_ASSERTIONS = NO;
				ENABLE_STRICT_OBJC_MSGSEND = YES;
				GCC_C_LANGUAGE_STANDARD = gnu11;
				GCC_NO_COMMON_BLOCKS = YES;
				GCC_WARN_64_TO_32_BIT_CONVERSION = YES;
				GCC_WARN_ABOUT_RETURN_TYPE = YES_ERROR;
				GCC_WARN_UNDECLARED_SELECTOR = YES;
				GCC_WARN_UNINITIALIZED_AUTOS = YES_AGGRESSIVE;
				GCC_WARN_UNUSED_FUNCTION = YES;
				GCC_WARN_UNUSED_VARIABLE = YES;
				IPHONEOS_DEPLOYMENT_TARGET = 11.4;
				MTL_ENABLE_DEBUG_INFO = NO;
				SDKROOT = iphoneos;
				SWIFT_COMPILATION_MODE = wholemodule;
				SWIFT_OPTIMIZATION_LEVEL = "-O";
				VALIDATE_PRODUCT = YES;
			};
			name = Release;
		};
		160AC4A220DB7D6C009FD49D /* Debug */ = {
			isa = XCBuildConfiguration;
			baseConfigurationReference = D9D6C467645822EFD1B91CE7 /* Pods-pomodoro.debug.xcconfig */;
			buildSettings = {
				ASSETCATALOG_COMPILER_APPICON_NAME = AppIcon;
				CODE_SIGN_STYLE = Automatic;
				DEVELOPMENT_TEAM = E9875RFG2Y;
				INFOPLIST_FILE = "pomodoro/Supporting Files/Info.plist";
				IPHONEOS_DEPLOYMENT_TARGET = 10.3;
				LD_RUNPATH_SEARCH_PATHS = (
					"$(inherited)",
					"@executable_path/Frameworks",
				);
				PRODUCT_BUNDLE_IDENTIFIER = ChaseStudio.pomodoro;
				PRODUCT_NAME = "$(TARGET_NAME)";
				SWIFT_VERSION = 4.0;
				TARGETED_DEVICE_FAMILY = "1,2";
			};
			name = Debug;
		};
		160AC4A320DB7D6C009FD49D /* Release */ = {
			isa = XCBuildConfiguration;
			baseConfigurationReference = 13733B34F4591F500ED5AC5B /* Pods-pomodoro.release.xcconfig */;
			buildSettings = {
				ASSETCATALOG_COMPILER_APPICON_NAME = AppIcon;
				CODE_SIGN_STYLE = Automatic;
				DEVELOPMENT_TEAM = E9875RFG2Y;
				INFOPLIST_FILE = "pomodoro/Supporting Files/Info.plist";
				IPHONEOS_DEPLOYMENT_TARGET = 10.3;
				LD_RUNPATH_SEARCH_PATHS = (
					"$(inherited)",
					"@executable_path/Frameworks",
				);
				PRODUCT_BUNDLE_IDENTIFIER = ChaseStudio.pomodoro;
				PRODUCT_NAME = "$(TARGET_NAME)";
				SWIFT_VERSION = 4.0;
				TARGETED_DEVICE_FAMILY = "1,2";
			};
			name = Release;
		};
/* End XCBuildConfiguration section */

/* Begin XCConfigurationList section */
		160AC48A20DB7D69009FD49D /* Build configuration list for PBXProject "pomodoro" */ = {
			isa = XCConfigurationList;
			buildConfigurations = (
				160AC49F20DB7D6C009FD49D /* Debug */,
				160AC4A020DB7D6C009FD49D /* Release */,
			);
			defaultConfigurationIsVisible = 0;
			defaultConfigurationName = Release;
		};
		160AC4A120DB7D6C009FD49D /* Build configuration list for PBXNativeTarget "pomodoro" */ = {
			isa = XCConfigurationList;
			buildConfigurations = (
				160AC4A220DB7D6C009FD49D /* Debug */,
				160AC4A320DB7D6C009FD49D /* Release */,
			);
			defaultConfigurationIsVisible = 0;
			defaultConfigurationName = Release;
		};
/* End XCConfigurationList section */

/* Begin XCVersionGroup section */
		160AC4AD20DB8F0C009FD49D /* Notes.xcdatamodeld */ = {
			isa = XCVersionGroup;
			children = (
				160AC4AE20DB8F0C009FD49D /* Notes.xcdatamodel */,
			);
			currentVersion = 160AC4AE20DB8F0C009FD49D /* Notes.xcdatamodel */;
			path = Notes.xcdatamodeld;
			sourceTree = "<group>";
			versionGroupType = wrapper.xcdatamodel;
		};
/* End XCVersionGroup section */
	};
	rootObject = 160AC48720DB7D69009FD49D /* Project object */;
}
